{
  "version": 4,
  "terraform_version": "1.9.5",
  "serial": 2,
  "lineage": "9425352a-24a9-7fdb-c4d9-fe31b72a570a",
  "outputs": {
    "dynamodb_table_arn": {
      "value": "arn:aws:dynamodb:us-west-2:345096772778:table/example-table",
      "type": "string"
    },
    "dynamodb_table_name": {
      "value": "example-table",
      "type": "string"
    }
  },
  "resources": [
    {
      "module": "module.dynamodb_table",
      "mode": "managed",
      "type": "aws_dynamodb_table",
      "name": "this",
      "provider": "provider[\"registry.terraform.io/hashicorp/aws\"]",
      "instances": [
        {
          "schema_version": 1,
          "attributes": {
            "arn": "arn:aws:dynamodb:us-west-2:345096772778:table/example-table",
            "attribute": [
              {
                "name": "id",
                "type": "S"
              },
              {
                "name": "timestamp",
                "type": "N"
              }
            ],
            "billing_mode": "PROVISIONED",
            "deletion_protection_enabled": false,
            "global_secondary_index": [],
            "hash_key": "id",
            "id": "example-table",
            "import_table": [],
            "local_secondary_index": [],
            "name": "example-table",
            "point_in_time_recovery": [
              {
                "enabled": false
              }
            ],
            "range_key": "timestamp",
            "read_capacity": 5,
            "replica": [],
            "restore_date_time": null,
            "restore_source_name": null,
            "restore_source_table_arn": null,
            "restore_to_latest_time": null,
            "server_side_encryption": [],
            "stream_arn": "",
            "stream_enabled": false,
            "stream_label": "",
            "stream_view_type": "",
            "table_class": "STANDARD",
            "tags": {
              "Environment": "dev",
              "Project": "example"
            },
            "tags_all": {
              "Environment": "dev",
              "Project": "example"
            },
            "timeouts": null,
            "ttl": [
              {
                "attribute_name": "",
                "enabled": false
              }
            ],
            "write_capacity": 5
          },
          "sensitive_attributes": [],
          "private": "eyJlMmJmYjczMC1lY2FhLTExZTYtOGY4OC0zNDM2M2JjN2M0YzAiOnsiY3JlYXRlIjoxODAwMDAwMDAwMDAwLCJkZWxldGUiOjYwMDAwMDAwMDAwMCwidXBkYXRlIjozNjAwMDAwMDAwMDAwfSwic2NoZW1hX3ZlcnNpb24iOiIxIn0="
        }
      ]
    }
  ],
  "check_results": null
}
